// !$*UTF8*$!
{
	archiveVersion = 1;
	classes = {
	};
	objectVersion = 77;
	objects = {

/* Begin PBXContainerItemProxy section */
		7F76D56B2F87786A00C13083 /* PBXContainerItemProxy */ = {
			isa = PBXContainerItemProxy;
			containerPortal = 7F76D5502F87786800C13083 /* Project object */;
			proxyType = 1;
			remoteGlobalIDString = 7F76D5572F87786800C13083;
			remoteInfo = onlineFoodDelivery;
		};
		7F76D5752F87786A00C13083 /* PBXContainerItemProxy */ = {
			isa = PBXContainerItemProxy;
			containerPortal = 7F76D5502F87786800C13083 /* Project object */;
			proxyType = 1;
			remoteGlobalIDString = 7F76D5572F87786800C13083;
			remoteInfo = onlineFoodDelivery;
		};
/* End PBXContainerItemProxy section */

/* Begin PBXFileReference section */
		7F76D5582F87786800C13083 /* onlineFoodDelivery.app */ = {isa = PBXFileReference; explicitFileType = wrapper.application; includeInIndex = 0; path = onlineFoodDelivery.app; sourceTree = BUILT_PRODUCTS_DIR; };
		7F76D56A2F87786A00C13083 /* onlineFoodDeliveryTests.xctest */ = {isa = PBXFileReference; explicitFileType = wrapper.cfbundle; includeInIndex = 0; path = onlineFoodDeliveryTests.xctest; sourceTree = BUILT_PRODUCTS_DIR; };
		7F76D5742F87786A00C13083 /* onlineFoodDeliveryUITests.xctest */ = {isa = PBXFileReference; explicitFileType = wrapper.cfbundle; includeInIndex = 0; path = onlineFoodDeliveryUITests.xctest; sourceTree = BUILT_PRODUCTS_DIR; };
		7F76D5902F87786A00C13083 /* onlineFoodDeliveryApp.swift */ = {isa = PBXFileReference; lastKnownFileType = sourcecode.swift; name = onlineFoodDeliveryApp.swift; path = onlineFoodDelivery/Main/Views/onlineFoodDeliveryApp.swift; sourceTree = SOURCE_ROOT; };
		7F76D5912F87786A00C13083 /* ContentView.swift */ = {isa = PBXFileReference; lastKnownFileType = sourcecode.swift; name = ContentView.swift; path = onlineFoodDelivery/Main/Views/ContentView.swift; sourceTree = SOURCE_ROOT; };
		7F76D5922F87786A00C13083 /* WebServices.swift */ = {isa = PBXFileReference; lastKnownFileType = sourcecode.swift; name = WebServices.swift; path = onlineFoodDelivery/NetworkManager/WebServices.swift; sourceTree = SOURCE_ROOT; };
		7F76D5932F87786A00C13083 /* Persistence.swift */ = {isa = PBXFileReference; lastKnownFileType = sourcecode.swift; name = Persistence.swift; path = onlineFoodDelivery/Persistence.swift; sourceTree = SOURCE_ROOT; };
		7F76D5952F87786A00C13083 /* LocationManager.swift */ = {isa = PBXFileReference; lastKnownFileType = sourcecode.swift; name = LocationManager.swift; path = onlineFoodDelivery/LocationManager/LocationManager.swift; sourceTree = SOURCE_ROOT; };
		7F76D5962F87786A00C13083 /* FoodModel.swift */ = {isa = PBXFileReference; lastKnownFileType = sourcecode.swift; name = FoodModel.swift; path = onlineFoodDelivery/Screens/Auth/Models/FoodModel.swift; sourceTree = SOURCE_ROOT; };
		7F76D5972F87786A00C13083 /* FoodListViewModel.swift */ = {isa = PBXFileReference; lastKnownFileType = sourcecode.swift; name = FoodListViewModel.swift; path = onlineFoodDelivery/Screens/Auth/ViewModels/FoodListViewModel.swift; sourceTree = SOURCE_ROOT; };
		7F76D5982F87786A00C13083 /* ProductDetailViewModel.swift */ = {isa = PBXFileReference; lastKnownFileType = sourcecode.swift; name = ProductDetailViewModel.swift; path = onlineFoodDelivery/Screens/Auth/ViewModels/ProductDetailViewModel.swift; sourceTree = SOURCE_ROOT; };
		7F76D5992F87786A00C13083 /* CartView.swift */ = {isa = PBXFileReference; lastKnownFileType = sourcecode.swift; name = CartView.swift; path = onlineFoodDelivery/Screens/Auth/Views/CartView.swift; sourceTree = SOURCE_ROOT; };
		7F76D59A2F87786A00C13083 /* CreateAccountView.swift */ = {isa = PBXFileReference; lastKnownFileType = sourcecode.swift; name = CreateAccountView.swift; path = onlineFoodDelivery/Screens/Auth/Views/CreateAccountView.swift; sourceTree = SOURCE_ROOT; };
		7F76D59B2F87786A00C13083 /* FoodListView.swift */ = {isa = PBXFileReference; lastKnownFileType = sourcecode.swift; name = FoodListView.swift; path = onlineFoodDelivery/Screens/Auth/Views/FoodListView.swift; sourceTree = SOURCE_ROOT; };
		7F76D59C2F87786A00C13083 /* InputView.swift */ = {isa = PBXFileReference; lastKnownFileType = sourcecode.swift; name = InputView.swift; path = onlineFoodDelivery/Screens/Auth/Views/InputView.swift; sourceTree = SOURCE_ROOT; };
		7F76D59D2F87786A00C13083 /* LoginView.swift */ = {isa = PBXFileReference; lastKnownFileType = sourcecode.swift; name = LoginView.swift; path = onlineFoodDelivery/Screens/Auth/Views/LoginView.swift; sourceTree = SOURCE_ROOT; };
		7F76D59E2F87786A00C13083 /* ProductDetailScreen.swift */ = {isa = PBXFileReference; lastKnownFileType = sourcecode.swift; name = ProductDetailScreen.swift; path = onlineFoodDelivery/Screens/Auth/Views/ProductDetailScreen.swift; sourceTree = SOURCE_ROOT; };
		7F76D59F2F87786A00C13083 /* CapsuleButtonStyle.swift */ = {isa = PBXFileReference; lastKnownFileType = sourcecode.swift; name = CapsuleButtonStyle.swift; path = onlineFoodDelivery/Screens/Auth/Views/Styles/CapsuleButtonStyle.swift; sourceTree = SOURCE_ROOT; };
		7F76D5A02F87786A00C13083 /* NetworkError.swift */ = {isa = PBXFileReference; lastKnownFileType = sourcecode.swift; name = NetworkError.swift; path = onlineFoodDelivery/Utilities/NetworkError.swift; sourceTree = SOURCE_ROOT; };
		7F76D5A12F87786A00C13083 /* Strings.swift */ = {isa = PBXFileReference; lastKnownFileType = sourcecode.swift; name = Strings.swift; path = onlineFoodDelivery/Utilities/Strings.swift; sourceTree = SOURCE_ROOT; };
		7F76D5A22F87786A00C13083 /* ViewState.swift */ = {isa = PBXFileReference; lastKnownFileType = sourcecode.swift; name = ViewState.swift; path = onlineFoodDelivery/Utilities/ViewState.swift; sourceTree = SOURCE_ROOT; };
/* End PBXFileReference section */

/* Begin PBXFileSystemSynchronizedRootGroup section */
		7F76D55A2F87786800C13083 /* onlineFoodDelivery */ = {
			isa = PBXFileSystemSynchronizedRootGroup;
			path = onlineFoodDelivery;
			sourceTree = "<group>";
		};
		7F76D56D2F87786A00C13083 /* onlineFoodDeliveryTests */ = {
			isa = PBXFileSystemSynchronizedRootGroup;
			path = onlineFoodDeliveryTests;
			sourceTree = "<group>";
		};
		7F76D5772F87786A00C13083 /* onlineFoodDeliveryUITests */ = {
			isa = PBXFileSystemSynchronizedRootGroup;
			path = onlineFoodDeliveryUITests;
			sourceTree = "<group>";
		};
/* End PBXFileSystemSynchronizedRootGroup section */

/* Begin PBXFrameworksBuildPhase section */
		7F76D5552F87786800C13083 /* Frameworks */ = {
			isa = PBXFrameworksBuildPhase;
			buildActionMask = 2147483647;
			files = (
			);
			runOnlyForDeploymentPostprocessing = 0;
		};
		7F76D5672F87786A00C13083 /* Frameworks */ = {
			isa = PBXFrameworksBuildPhase;
			buildActionMask = 2147483647;
			files = (
			);
			runOnlyForDeploymentPostprocessing = 0;
		};
		7F76D5712F87786A00C13083 /* Frameworks */ = {
			isa = PBXFrameworksBuildPhase;
			buildActionMask = 2147483647;
			files = (
			);
			runOnlyForDeploymentPostprocessing = 0;
		};
/* End PBXFrameworksBuildPhase section */

/* Begin PBXGroup section */
		7F76D54F2F87786800C13083 = {
			isa = PBXGroup;
			children = (
				7F76D55A2F87786800C13083 /* onlineFoodDelivery */,
				7F76D58A2F87786A00C13083 /* onlineFoodDelivery */,
				7F76D56D2F87786A00C13083 /* onlineFoodDeliveryTests */,
				7F76D5772F87786A00C13083 /* onlineFoodDeliveryUITests */,
				7F76D5592F87786800C13083 /* Products */,
			);
			sourceTree = "<group>";
		};
		7F76D5592F87786800C13083 /* Products */ = {
			isa = PBXGroup;
			children = (
				7F76D5582F87786800C13083 /* onlineFoodDelivery.app */,
				7F76D56A2F87786A00C13083 /* onlineFoodDeliveryTests.xctest */,
				7F76D5742F87786A00C13083 /* onlineFoodDeliveryUITests.xctest */,
			);
			name = Products;
			sourceTree = "<group>";
		};
		7F76D58A2F87786A00C13083 /* onlineFoodDelivery */ = {
			isa = PBXGroup;
			children = (
				7F76D5902F87786A00C13083 /* onlineFoodDeliveryApp.swift */,
				7F76D5912F87786A00C13083 /* ContentView.swift */,
				7F76D5922F87786A00C13083 /* WebServices.swift */,
				7F76D5932F87786A00C13083 /* Persistence.swift */,
				7F76D5952F87786A00C13083 /* LocationManager.swift */,
				7F76D5962F87786A00C13083 /* FoodModel.swift */,
				7F76D5972F87786A00C13083 /* FoodListViewModel.swift */,
				7F76D5982F87786A00C13083 /* ProductDetailViewModel.swift */,
				7F76D5992F87786A00C13083 /* CartView.swift */,
				7F76D59A2F87786A00C13083 /* CreateAccountView.swift */,
				7F76D59B2F87786A00C13083 /* FoodListView.swift */,
				7F76D59C2F87786A00C13083 /* InputView.swift */,
				7F76D59D2F87786A00C13083 /* LoginView.swift */,
				7F76D59E2F87786A00C13083 /* ProductDetailScreen.swift */,
				7F76D59F2F87786A00C13083 /* CapsuleButtonStyle.swift */,
				7F76D5A02F87786A00C13083 /* NetworkError.swift */,
				7F76D5A12F87786A00C13083 /* Strings.swift */,
				7F76D5A22F87786A00C13083 /* ViewState.swift */,
			);
			path = onlineFoodDelivery;
			sourceTree = SOURCE_ROOT;
		};
/* End PBXGroup section */

/* Begin PBXNativeTarget section */
		7F76D5572F87786800C13083 /* onlineFoodDelivery */ = {
			isa = PBXNativeTarget;
			buildConfigurationList = 7F76D57E2F87786A00C13083 /* Build configuration list for PBXNativeTarget "onlineFoodDelivery" */;
			buildPhases = (
				7F76D5542F87786800C13083 /* Sources */,
				7F76D5552F87786800C13083 /* Frameworks */,
				7F76D5562F87786800C13083 /* Resources */,
			);
			buildRules = (
			);
			dependencies = (
			);
			fileSystemSynchronizedGroups = (
				7F76D55A2F87786800C13083 /* onlineFoodDelivery */,
			);
			name = onlineFoodDelivery;
			packageProductDependencies = (
			);
			productName = onlineFoodDelivery;
			productReference = 7F76D5582F87786800C13083 /* onlineFoodDelivery.app */;
			productType = "com.apple.product-type.application";
		};
		7F76D5692F87786A00C13083 /* onlineFoodDeliveryTests */ = {
			isa = PBXNativeTarget;
			buildConfigurationList = 7F76D5812F87786A00C13083 /* Build configuration list for PBXNativeTarget "onlineFoodDeliveryTests" */;
			buildPhases = (
				7F76D5662F87786A00C13083 /* Sources */,
				7F76D5672F87786A00C13083 /* Frameworks */,
				7F76D5682F87786A00C13083 /* Resources */,
			);
			buildRules = (
			);
			dependencies = (
				7F76D56C2F87786A00C13083 /* PBXTargetDependency */,
			);
			fileSystemSynchronizedGroups = (
				7F76D56D2F87786A00C13083 /* onlineFoodDeliveryTests */,
			);
			name = onlineFoodDeliveryTests;
			packageProductDependencies = (
			);
			productName = onlineFoodDeliveryTests;
			productReference = 7F76D56A2F87786A00C13083 /* onlineFoodDeliveryTests.xctest */;
			productType = "com.apple.product-type.bundle.unit-test";
		};
		7F76D5732F87786A00C13083 /* onlineFoodDeliveryUITests */ = {
			isa = PBXNativeTarget;
			buildConfigurationList = 7F76D5842F87786A00C13083 /* Build configuration list for PBXNativeTarget "onlineFoodDeliveryUITests" */;
			buildPhases = (
				7F76D5702F87786A00C13083 /* Sources */,
				7F76D5712F87786A00C13083 /* Frameworks */,
				7F76D5722F87786A00C13083 /* Resources */,
			);
			buildRules = (
			);
			dependencies = (
				7F76D5762F87786A00C13083 /* PBXTargetDependency */,
			);
			fileSystemSynchronizedGroups = (
				7F76D5772F87786A00C13083 /* onlineFoodDeliveryUITests */,
			);
			name = onlineFoodDeliveryUITests;
			packageProductDependencies = (
			);
			productName = onlineFoodDeliveryUITests;
			productReference = 7F76D5742F87786A00C13083 /* onlineFoodDeliveryUITests.xctest */;
			productType = "com.apple.product-type.bundle.ui-testing";
		};
/* End PBXNativeTarget section */

/* Begin PBXProject section */
		7F76D5502F87786800C13083 /* Project object */ = {
			isa = PBXProject;
			attributes = {
				BuildIndependentTargetsInParallel = 1;
				LastSwiftUpdateCheck = 1640;
				LastUpgradeCheck = 1640;
				TargetAttributes = {
					7F76D5572F87786800C13083 = {
						CreatedOnToolsVersion = 16.4;
					};
					7F76D5692F87786A00C13083 = {
						CreatedOnToolsVersion = 16.4;
						TestTargetID = 7F76D5572F87786800C13083;
					};
					7F76D5732F87786A00C13083 = {
						CreatedOnToolsVersion = 16.4;
						TestTargetID = 7F76D5572F87786800C13083;
					};
				};
			};
			buildConfigurationList = 7F76D5532F87786800C13083 /* Build configuration list for PBXProject "onlineFoodDelivery" */;
			developmentRegion = en;
			hasScannedForEncodings = 0;
			knownRegions = (
				en,
				Base,
			);
			mainGroup = 7F76D54F2F87786800C13083;
			minimizedProjectReferenceProxies = 1;
			preferredProjectObjectVersion = 77;
			productRefGroup = 7F76D5592F87786800C13083 /* Products */;
			projectDirPath = "";
			projectRoot = "";
			targets = (
				7F76D5572F87786800C13083 /* onlineFoodDelivery */,
				7F76D5692F87786A00C13083 /* onlineFoodDeliveryTests */,
				7F76D5732F87786A00C13083 /* onlineFoodDeliveryUITests */,
			);
		};
/* End PBXProject section */

/* Begin PBXResourcesBuildPhase section */
		7F76D5562F87786800C13083 /* Resources */ = {
			isa = PBXResourcesBuildPhase;
			buildActionMask = 2147483647;
			files = (
			);
			runOnlyForDeploymentPostprocessing = 0;
		};
		7F76D5682F87786A00C13083 /* Resources */ = {
			isa = PBXResourcesBuildPhase;
			buildActionMask = 2147483647;
			files = (
			);
			runOnlyForDeploymentPostprocessing = 0;
		};
		7F76D5722F87786A00C13083 /* Resources */ = {
			isa = PBXResourcesBuildPhase;
			buildActionMask = 2147483647;
			files = (
			);
			runOnlyForDeploymentPostprocessing = 0;
		};
/* End PBXResourcesBuildPhase section */

/* Begin PBXSourcesBuildPhase section */
		7F76D5542F87786800C13083 /* Sources */ = {
			isa = PBXSourcesBuildPhase;
			buildActionMask = 2147483647;
			files = (
			);
			runOnlyForDeploymentPostprocessing = 0;
		};
		7F76D5662F87786A00C13083 /* Sources */ = {
			isa = PBXSourcesBuildPhase;
			buildActionMask = 2147483647;
			files = (
			);
			runOnlyForDeploymentPostprocessing = 0;
		};
		7F76D5702F87786A00C13083 /* Sources */ = {
			isa = PBXSourcesBuildPhase;
			buildActionMask = 2147483647;
			files = (
			);
			runOnlyForDeploymentPostprocessing = 0;
		};
/* End PBXSourcesBuildPhase section */

/* Begin PBXTargetDependency section */
		7F76D56C2F87786A00C13083 /* PBXTargetDependency */ = {
			isa = PBXTargetDependency;
			target = 7F76D5572F87786800C13083 /* onlineFoodDelivery */;
			targetProxy = 7F76D56B2F87786A00C13083 /* PBXContainerItemProxy */;
		};
		7F76D5762F87786A00C13083 /* PBXTargetDependency */ = {
			isa = PBXTargetDependency;
			target = 7F76D5572F87786800C13083 /* onlineFoodDelivery */;
			targetProxy = 7F76D5752F87786A00C13083 /* PBXContainerItemProxy */;
		};
/* End PBXTargetDependency section */

/* Begin XCBuildConfiguration section */
		7F76D57C2F87786A00C13083 /* Debug */ = {
			isa = XCBuildConfiguration;
			buildSettings = {
				ALWAYS_SEARCH_USER_PATHS = NO;
				ASSETCATALOG_COMPILER_GENERATE_SWIFT_ASSET_SYMBOL_EXTENSIONS = YES;
				CLANG_ANALYZER_NONNULL = YES;
				CLANG_ANALYZER_NUMBER_OBJECT_CONVERSION = YES_AGGRESSIVE;
				CLANG_CXX_LANGUAGE_STANDARD = "gnu++20";
				CLANG_ENABLE_MODULES = YES;
				CLANG_ENABLE_OBJC_ARC = YES;
				CLANG_ENABLE_OBJC_WEAK = YES;
				CLANG_WARN_BLOCK_CAPTURE_AUTORELEASING = YES;
				CLANG_WARN_BOOL_CONVERSION = YES;
				CLANG_WARN_COMMA = YES;
				CLANG_WARN_CONSTANT_CONVERSION = YES;
				CLANG_WARN_DEPRECATED_OBJC_IMPLEMENTATIONS = YES;
				CLANG_WARN_DIRECT_OBJC_ISA_USAGE = YES_ERROR;
				CLANG_WARN_DOCUMENTATION_COMMENTS = YES;
				CLANG_WARN_EMPTY_BODY = YES;
				CLANG_WARN_ENUM_CONVERSION = YES;
				CLANG_WARN_INFINITE_RECURSION = YES;
				CLANG_WARN_INT_CONVERSION = YES;
				CLANG_WARN_NON_LITERAL_NULL_CONVERSION = YES;
				CLANG_WARN_OBJC_IMPLICIT_RETAIN_SELF = YES;
				CLANG_WARN_OBJC_LITERAL_CONVERSION = YES;
				CLANG_WARN_OBJC_ROOT_CLASS = YES_ERROR;
				CLANG_WARN_QUOTED_INCLUDE_IN_FRAMEWORK_HEADER = YES;
				CLANG_WARN_RANGE_LOOP_ANALYSIS = YES;
				CLANG_WARN_STRICT_PROTOTYPES = YES;
				CLANG_WARN_SUSPICIOUS_MOVE = YES;
				CLANG_WARN_UNGUARDED_AVAILABILITY = YES_AGGRESSIVE;
				CLANG_WARN_UNREACHABLE_CODE = YES;
				CLANG_WARN__DUPLICATE_METHOD_MATCH = YES;
				COPY_PHASE_STRIP = NO;
				DEBUG_INFORMATION_FORMAT = dwarf;
				ENABLE_STRICT_OBJC_MSGSEND = YES;
				ENABLE_TESTABILITY = YES;
				ENABLE_USER_SCRIPT_SANDBOXING = YES;
				GCC_C_LANGUAGE_STANDARD = gnu17;
				GCC_DYNAMIC_NO_PIC = NO;
				GCC_NO_COMMON_BLOCKS = YES;
				GCC_OPTIMIZATION_LEVEL = 0;
				GCC_PREPROCESSOR_DEFINITIONS = (
					"DEBUG=1",
					"$(inherited)",
				);
				GCC_WARN_64_TO_32_BIT_CONVERSION = YES;
				GCC_WARN_ABOUT_RETURN_TYPE = YES_ERROR;
				GCC_WARN_UNDECLARED_SELECTOR = YES;
				GCC_WARN_UNINITIALIZED_AUTOS = YES_AGGRESSIVE;
				GCC_WARN_UNUSED_FUNCTION = YES;
				GCC_WARN_UNUSED_VARIABLE = YES;
				IPHONEOS_DEPLOYMENT_TARGET = 18.5;
				LOCALIZATION_PREFERS_STRING_CATALOGS = YES;
				MTL_ENABLE_DEBUG_INFO = INCLUDE_SOURCE;
				MTL_FAST_MATH = YES;
				ONLY_ACTIVE_ARCH = YES;
				SDKROOT = iphoneos;
				SWIFT_ACTIVE_COMPILATION_CONDITIONS = "DEBUG $(inherited)";
				SWIFT_OPTIMIZATION_LEVEL = "-Onone";
			};
			name = Debug;
		};
		7F76D57D2F87786A00C13083 /* Release */ = {
			isa = XCBuildConfiguration;
			buildSettings = {
				ALWAYS_SEARCH_USER_PATHS = NO;
				ASSETCATALOG_COMPILER_GENERATE_SWIFT_ASSET_SYMBOL_EXTENSIONS = YES;
				CLANG_ANALYZER_NONNULL = YES;
				CLANG_ANALYZER_NUMBER_OBJECT_CONVERSION = YES_AGGRESSIVE;
				CLANG_CXX_LANGUAGE_STANDARD = "gnu++20";
				CLANG_ENABLE_MODULES = YES;
				CLANG_ENABLE_OBJC_ARC = YES;
				CLANG_ENABLE_OBJC_WEAK = YES;
				CLANG_WARN_BLOCK_CAPTURE_AUTORELEASING = YES;
				CLANG_WARN_BOOL_CONVERSION = YES;
				CLANG_WARN_COMMA = YES;
				CLANG_WARN_CONSTANT_CONVERSION = YES;
				CLANG_WARN_DEPRECATED_OBJC_IMPLEMENTATIONS = YES;
				CLANG_WARN_DIRECT_OBJC_ISA_USAGE = YES_ERROR;
				CLANG_WARN_DOCUMENTATION_COMMENTS = YES;
				CLANG_WARN_EMPTY_BODY = YES;
				CLANG_WARN_ENUM_CONVERSION = YES;
				CLANG_WARN_INFINITE_RECURSION = YES;
				CLANG_WARN_INT_CONVERSION = YES;
				CLANG_WARN_NON_LITERAL_NULL_CONVERSION = YES;
				CLANG_WARN_OBJC_IMPLICIT_RETAIN_SELF = YES;
				CLANG_WARN_OBJC_LITERAL_CONVERSION = YES;
				CLANG_WARN_OBJC_ROOT_CLASS = YES_ERROR;
				CLANG_WARN_QUOTED_INCLUDE_IN_FRAMEWORK_HEADER = YES;
				CLANG_WARN_RANGE_LOOP_ANALYSIS = YES;
				CLANG_WARN_STRICT_PROTOTYPES = YES;
				CLANG_WARN_SUSPICIOUS_MOVE = YES;
				CLANG_WARN_UNGUARDED_AVAILABILITY = YES_AGGRESSIVE;
				CLANG_WARN_UNREACHABLE_CODE = YES;
				CLANG_WARN__DUPLICATE_METHOD_MATCH = YES;
				COPY_PHASE_STRIP = NO;
				DEBUG_INFORMATION_FORMAT = "dwarf-with-dsym";
				ENABLE_NS_ASSERTIONS = NO;
				ENABLE_STRICT_OBJC_MSGSEND = YES;
				ENABLE_USER_SCRIPT_SANDBOXING = YES;
				GCC_C_LANGUAGE_STANDARD = gnu17;
				GCC_NO_COMMON_BLOCKS = YES;
				GCC_WARN_64_TO_32_BIT_CONVERSION = YES;
				GCC_WARN_ABOUT_RETURN_TYPE = YES_ERROR;
				GCC_WARN_UNDECLARED_SELECTOR = YES;
				GCC_WARN_UNINITIALIZED_AUTOS = YES_AGGRESSIVE;
				GCC_WARN_UNUSED_FUNCTION = YES;
				GCC_WARN_UNUSED_VARIABLE = YES;
				IPHONEOS_DEPLOYMENT_TARGET = 18.5;
				LOCALIZATION_PREFERS_STRING_CATALOGS = YES;
				MTL_ENABLE_DEBUG_INFO = NO;
				MTL_FAST_MATH = YES;
				SDKROOT = iphoneos;
				SWIFT_COMPILATION_MODE = wholemodule;
				VALIDATE_PRODUCT = YES;
			};
			name = Release;
		};
		7F76D57F2F87786A00C13083 /* Debug */ = {
			isa = XCBuildConfiguration;
			buildSettings = {
				ASSETCATALOG_COMPILER_APPICON_NAME = AppIcon;
				ASSETCATALOG_COMPILER_GLOBAL_ACCENT_COLOR_NAME = AccentColor;
				CODE_SIGN_STYLE = Automatic;
				CURRENT_PROJECT_VERSION = 1;
				ENABLE_PREVIEWS = YES;
				GENERATE_INFOPLIST_FILE = YES;
				INFOPLIST_KEY_UIApplicationSceneManifest_Generation = YES;
				INFOPLIST_KEY_UIApplicationSupportsIndirectInputEvents = YES;
				INFOPLIST_KEY_UILaunchScreen_Generation = YES;
				INFOPLIST_KEY_UISupportedInterfaceOrientations_iPad = "UIInterfaceOrientationPortrait UIInterfaceOrientationPortraitUpsideDown UIInterfaceOrientationLandscapeLeft UIInterfaceOrientationLandscapeRight";
				INFOPLIST_KEY_UISupportedInterfaceOrientations_iPhone = "UIInterfaceOrientationPortrait UIInterfaceOrientationLandscapeLeft UIInterfaceOrientationLandscapeRight";
				LD_RUNPATH_SEARCH_PATHS = (
					"$(inherited)",
					"@executable_path/Frameworks",
				);
				MARKETING_VERSION = 1.0;
				PRODUCT_BUNDLE_IDENTIFIER = app.com.onlineFoodDelivery;
				PRODUCT_NAME = "$(TARGET_NAME)";
				SWIFT_EMIT_LOC_STRINGS = YES;
				SWIFT_VERSION = 5.0;
				TARGETED_DEVICE_FAMILY = "1,2";
			};
			name = Debug;
		};
		7F76D5802F87786A00C13083 /* Release */ = {
			isa = XCBuildConfiguration;
			buildSettings = {
				ASSETCATALOG_COMPILER_APPICON_NAME = AppIcon;
				ASSETCATALOG_COMPILER_GLOBAL_ACCENT_COLOR_NAME = AccentColor;
				CODE_SIGN_STYLE = Automatic;
				CURRENT_PROJECT_VERSION = 1;
				ENABLE_PREVIEWS = YES;
				GENERATE_INFOPLIST_FILE = YES;
				INFOPLIST_KEY_UIApplicationSceneManifest_Generation = YES;
				INFOPLIST_KEY_UIApplicationSupportsIndirectInputEvents = YES;
				INFOPLIST_KEY_UILaunchScreen_Generation = YES;
				INFOPLIST_KEY_UISupportedInterfaceOrientations_iPad = "UIInterfaceOrientationPortrait UIInterfaceOrientationPortraitUpsideDown UIInterfaceOrientationLandscapeLeft UIInterfaceOrientationLandscapeRight";
				INFOPLIST_KEY_UISupportedInterfaceOrientations_iPhone = "UIInterfaceOrientationPortrait UIInterfaceOrientationLandscapeLeft UIInterfaceOrientationLandscapeRight";
				LD_RUNPATH_SEARCH_PATHS = (
					"$(inherited)",
					"@executable_path/Frameworks",
				);
				MARKETING_VERSION = 1.0;
				PRODUCT_BUNDLE_IDENTIFIER = app.com.onlineFoodDelivery;
				PRODUCT_NAME = "$(TARGET_NAME)";
				SWIFT_EMIT_LOC_STRINGS = YES;
				SWIFT_VERSION = 5.0;
				TARGETED_DEVICE_FAMILY = "1,2";
			};
			name = Release;
		};
		7F76D5822F87786A00C13083 /* Debug */ = {
			isa = XCBuildConfiguration;
			buildSettings = {
				BUNDLE_LOADER = "$(TEST_HOST)";
				CODE_SIGN_STYLE = Automatic;
				CURRENT_PROJECT_VERSION = 1;
				GENERATE_INFOPLIST_FILE = YES;
				IPHONEOS_DEPLOYMENT_TARGET = 18.5;
				MARKETING_VERSION = 1.0;
				PRODUCT_BUNDLE_IDENTIFIER = app.com.onlineFoodDeliveryTests;
				PRODUCT_NAME = "$(TARGET_NAME)";
				SWIFT_EMIT_LOC_STRINGS = NO;
				SWIFT_VERSION = 5.0;
				TARGETED_DEVICE_FAMILY = "1,2";
				TEST_HOST = "$(BUILT_PRODUCTS_DIR)/onlineFoodDelivery.app/$(BUNDLE_EXECUTABLE_FOLDER_PATH)/onlineFoodDelivery";
			};
			name = Debug;
		};
		7F76D5832F87786A00C13083 /* Release */ = {
			isa = XCBuildConfiguration;
			buildSettings = {
				BUNDLE_LOADER = "$(TEST_HOST)";
				CODE_SIGN_STYLE = Automatic;
				CURRENT_PROJECT_VERSION = 1;
				GENERATE_INFOPLIST_FILE = YES;
				IPHONEOS_DEPLOYMENT_TARGET = 18.5;
				MARKETING_VERSION = 1.0;
				PRODUCT_BUNDLE_IDENTIFIER = app.com.onlineFoodDeliveryTests;
				PRODUCT_NAME = "$(TARGET_NAME)";
				SWIFT_EMIT_LOC_STRINGS = NO;
				SWIFT_VERSION = 5.0;
				TARGETED_DEVICE_FAMILY = "1,2";
				TEST_HOST = "$(BUILT_PRODUCTS_DIR)/onlineFoodDelivery.app/$(BUNDLE_EXECUTABLE_FOLDER_PATH)/onlineFoodDelivery";
			};
			name = Release;
		};
		7F76D5852F87786A00C13083 /* Debug */ = {
			isa = XCBuildConfiguration;
			buildSettings = {
				CODE_SIGN_STYLE = Automatic;
				CURRENT_PROJECT_VERSION = 1;
				GENERATE_INFOPLIST_FILE = YES;
				MARKETING_VERSION = 1.0;
				PRODUCT_BUNDLE_IDENTIFIER = app.com.onlineFoodDeliveryUITests;
				PRODUCT_NAME = "$(TARGET_NAME)";
				SWIFT_EMIT_LOC_STRINGS = NO;
				SWIFT_VERSION = 5.0;
				TARGETED_DEVICE_FAMILY = "1,2";
				TEST_TARGET_NAME = onlineFoodDelivery;
			};
			name = Debug;
		};
		7F76D5862F87786A00C13083 /* Release */ = {
			isa = XCBuildConfiguration;
			buildSettings = {
				CODE_SIGN_STYLE = Automatic;
				CURRENT_PROJECT_VERSION = 1;
				GENERATE_INFOPLIST_FILE = YES;
				MARKETING_VERSION = 1.0;
				PRODUCT_BUNDLE_IDENTIFIER = app.com.onlineFoodDeliveryUITests;
				PRODUCT_NAME = "$(TARGET_NAME)";
				SWIFT_EMIT_LOC_STRINGS = NO;
				SWIFT_VERSION = 5.0;
				TARGETED_DEVICE_FAMILY = "1,2";
				TEST_TARGET_NAME = onlineFoodDelivery;
			};
			name = Release;
		};
/* End XCBuildConfiguration section */

/* Begin XCConfigurationList section */
		7F76D5532F87786800C13083 /* Build configuration list for PBXProject "onlineFoodDelivery" */ = {
			isa = XCConfigurationList;
			buildConfigurations = (
				7F76D57C2F87786A00C13083 /* Debug */,
				7F76D57D2F87786A00C13083 /* Release */,
			);
			defaultConfigurationIsVisible = 0;
			defaultConfigurationName = Release;
		};
		7F76D57E2F87786A00C13083 /* Build configuration list for PBXNativeTarget "onlineFoodDelivery" */ = {
			isa = XCConfigurationList;
			buildConfigurations = (
				7F76D57F2F87786A00C13083 /* Debug */,
				7F76D5802F87786A00C13083 /* Release */,
			);
			defaultConfigurationIsVisible = 0;
			defaultConfigurationName = Release;
		};
		7F76D5812F87786A00C13083 /* Build configuration list for PBXNativeTarget "onlineFoodDeliveryTests" */ = {
			isa = XCConfigurationList;
			buildConfigurations = (
				7F76D5822F87786A00C13083 /* Debug */,
				7F76D5832F87786A00C13083 /* Release */,
			);
			defaultConfigurationIsVisible = 0;
			defaultConfigurationName = Release;
		};
		7F76D5842F87786A00C13083 /* Build configuration list for PBXNativeTarget "onlineFoodDeliveryUITests" */ = {
			isa = XCConfigurationList;
			buildConfigurations = (
				7F76D5852F87786A00C13083 /* Debug */,
				7F76D5862F87786A00C13083 /* Release */,
			);
			defaultConfigurationIsVisible = 0;
			defaultConfigurationName = Release;
		};
/* End XCConfigurationList section */
	};
	rootObject = 7F76D5502F87786800C13083 /* Project object */;
}
